github.com/bwesterb/go-ristretto v1.2.1 h1:Xd9ZXmjKE2aY8Ub7+4bX7tXsIPsV1pIZaUlJUjI1toE=
github.com/bwesterb/go-ristretto v1.2.1/go.mod h1:fUIoIZaG73pV5biE2Blr2xEzDoMj7NFEuV9ekS419A0=
github.com/roasbeef/go-go-gadget-paillier v0.0.0-20181009074315-14f1f86b6000 h1:znxuF/AnRNeTsBv07YsovqSwkrHUJ47icAAKSBe1FSU=
github.com/roasbeef/go-go-gadget-paillier v0.0.0-20181009074315-14f1f86b6000/go.mod h1:GbaLtXlO/CWjBZzgF70Gfq+iyj51b64JMWu0zT/YEkY=
golang.org/x/crypto v0.0.0-20220513210258-46612604a0f9 h1:NUzdAbFtCJSXU20AOXgeqaUwg8Ypg4MPYmL+d+rsB5c=
golang.org/x/crypto v0.0.0-20220513210258-46612604a0f9/go.mod h1:IxCIyHEi3zRg3s0A5j5BB6A9Jmi73HwBIUl50j+osU4=
golang.org/x/sys v0.0.0-20211216021012-1d35b9e2eb4e h1:fLOSk5Q00efkSvAm+4xcoXD+RRmLmmulPn5I3Y9F2EM=
golang.org/x/sys v0.0.0-20211216021012-1d35b9e2eb4e/go.mod h1:oPkhp1MJrh7nUepCBck5+mAzfO9JrbApNNgaTdGDITg=
